
Microsoft Visual Studio Solution File, Format Version 12.00
# Visual Studio Version 17
VisualStudioVersion = 17.4.33205.214
MinimumVisualStudioVersion = 10.0.40219.1
Project("{FAE04EC0-301F-11D3-BF4B-00C04F79EFBC}") = "AdyenAPIPayments", "AdyenAPIPayments\AdyenAPIPayments.csproj", "{04AEA236-DBA4-4D46-B63F-B57444746A40}"
EndProject
Global
	GlobalSection(SolutionConfigurationPlatforms) = preSolution
		Debug|Any CPU = Debug|Any CPU
		Release|Any CPU = Release|Any CPU
	EndGlobalSection
	GlobalSection(ProjectConfigurationPlatforms) = postSolution
		{04AEA236-DBA4-4D46-B63F-B57444746A40}.Debug|Any CPU.ActiveCfg = Debug|Any CPU
		{04AEA236-DBA4-4D46-B63F-B57444746A40}.Debug|Any CPU.Build.0 = Debug|Any CPU
		{04AEA236-DBA4-4D46-B63F-B57444746A40}.Release|Any CPU.ActiveCfg = Release|Any CPU
		{04AEA236-DBA4-4D46-B63F-B57444746A40}.Release|Any CPU.Build.0 = Release|Any CPU
	EndGlobalSection
	GlobalSection(SolutionProperties) = preSolution
		HideSolutionNode = FALSE
	EndGlobalSection
	GlobalSection(ExtensibilityGlobals) = postSolution
		SolutionGuid = {D0B5E76C-C47A-487A-ABDB-A79544C6648F}
	EndGlobalSection
EndGlobal
